{
  "name": "@luwes/hls-video-element",
  "version": "1.0.1",
  "lockfileVersion": 3,
  "requires": true,
  "packages": {
    "": {
      "name": "@luwes/hls-video-element",
      "version": "1.0.1",
      "license": "MIT",
      "dependencies": {
        "hls.js": "1.4.0-rc.1",
        "super-media-element": "~1.2.1"
      },
      "devDependencies": {
        "wet-run": "^0.0.8"
      }
    },
    "node_modules/hls.js": {
      "version": "1.4.0-rc.1",
      "resolved": "https://registry.npmjs.org/hls.js/-/hls.js-1.4.0-rc.1.tgz",
      "integrity": "sha512-UuTgpMEiduU4zbbEwmGvlcvt0UBPh2y/5E0zfBGw5lCcu9M6rZ+2jIVfS5vk4AxFtoTHBJqM5gi7gNR0UlcoZQ=="
    },
    "node_modules/playwright-core": {
      "version": "1.32.1",
      "resolved": "https://registry.npmjs.org/playwright-core/-/playwright-core-1.32.1.tgz",
      "integrity": "sha512-KZYUQC10mXD2Am1rGlidaalNGYk3LU1vZqqNk0gT4XPty1jOqgup8KDP8l2CUlqoNKhXM5IfGjWgW37xvGllBA==",
      "dev": true,
      "bin": {
        "playwright": "cli.js"
      },
      "engines": {
        "node": ">=14"
      }
    },
    "node_modules/super-media-element": {
      "version": "1.2.1",
      "resolved": "https://registry.npmjs.org/super-media-element/-/super-media-element-1.2.1.tgz",
      "integrity": "sha512-YJvDpcgx0x8Ko132AksorWuLzIj1DWfhVBp3cANvEtHUaoN9uBVkDI4CTo8uISE6ySrkfjM4VTZrddwwfIE9BA=="
    },
    "node_modules/wet-run": {
      "version": "0.0.8",
      "resolved": "https://registry.npmjs.org/wet-run/-/wet-run-0.0.8.tgz",
      "integrity": "sha512-/aMK0PacXYsHL3VG+e5gM+omRJCoDuP2qNA8j24t/SG7jUg5Kocx185j+bmcVR7nLSR0Mj6pOX2CPblXJLCNKA==",
      "dev": true,
      "dependencies": {
        "playwright-core": "^1.31.1"
      },
      "bin": {
        "wet": "src/cli.js"
      },
      "engines": {
        "node": ">=18.3.0"
      }
    }
  }
}
